
Microsoft Visual Studio Solution File, Format Version 12.00
# Visual Studio 15
VisualStudioVersion = 15.0.27004.2002
MinimumVisualStudioVersion = 10.0.40219.1
Project("{FAE04EC0-301F-11D3-BF4B-00C04F79EFBC}") = "02. TODOList", "02. TODOList\02. TODOList.csproj", "{88B722AF-767C-4D27-9FA0-13BFE6759D4F}"
EndProject
Global
	GlobalSection(SolutionConfigurationPlatforms) = preSolution
		Debug|Any CPU = Debug|Any CPU
		Release|Any CPU = Release|Any CPU
	EndGlobalSection
	GlobalSection(ProjectConfigurationPlatforms) = postSolution
		{88B722AF-767C-4D27-9FA0-13BFE6759D4F}.Debug|Any CPU.ActiveCfg = Debug|Any CPU
		{88B722AF-767C-4D27-9FA0-13BFE6759D4F}.Debug|Any CPU.Build.0 = Debug|Any CPU
		{88B722AF-767C-4D27-9FA0-13BFE6759D4F}.Release|Any CPU.ActiveCfg = Release|Any CPU
		{88B722AF-767C-4D27-9FA0-13BFE6759D4F}.Release|Any CPU.Build.0 = Release|Any CPU
	EndGlobalSection
	GlobalSection(SolutionProperties) = preSolution
		HideSolutionNode = FALSE
	EndGlobalSection
	GlobalSection(ExtensibilityGlobals) = postSolution
		SolutionGuid = {403841B2-035F-4EAA-918A-1896645D7BB3}
	EndGlobalSection
EndGlobal
