
Microsoft Visual Studio Solution File, Format Version 12.00
# Visual Studio 15
VisualStudioVersion = 15.0.26430.14
MinimumVisualStudioVersion = 10.0.40219.1
Project("{FAE04EC0-301F-11D3-BF4B-00C04F79EFBC}") = "01.Problem-", "01.Problem-\01.Problem-.csproj", "{6512A9C9-6E5F-4180-9227-8BF1F652525A}"
EndProject
Project("{FAE04EC0-301F-11D3-BF4B-00C04F79EFBC}") = "02.Problem-", "02.Problem-\02.Problem-.csproj", "{1D4816F5-5F94-4270-BE29-13860225837A}"
EndProject
Project("{FAE04EC0-301F-11D3-BF4B-00C04F79EFBC}") = "03.Problem-", "03.Problem-\03.Problem-.csproj", "{C94C1303-82E1-4A13-8FDC-5D4F96656091}"
EndProject
Project("{FAE04EC0-301F-11D3-BF4B-00C04F79EFBC}") = "04.Problem-", "04.Problem-\04.Problem-.csproj", "{92C2188D-3923-4491-91B1-D558AC5968D0}"
EndProject
Project("{FAE04EC0-301F-11D3-BF4B-00C04F79EFBC}") = "01.PokeMon", "01.PokeMon\01.PokeMon.csproj", "{160DC5A7-0BF3-4DC3-9D1C-97710A3D567B}"
EndProject
Project("{FAE04EC0-301F-11D3-BF4B-00C04F79EFBC}") = "02.PokemonDon'tGo", "02.PokemonDon'tGo\02.PokemonDon'tGo.csproj", "{300A80C0-7901-4616-A585-7E9A40348DCF}"
EndProject
Project("{FAE04EC0-301F-11D3-BF4B-00C04F79EFBC}") = "03.Regexmon", "03.Regexmon\03.Regexmon.csproj", "{8D599AFF-3AAF-4F4F-AFF5-84BDF2C1BC9F}"
EndProject
Project("{FAE04EC0-301F-11D3-BF4B-00C04F79EFBC}") = "04.PokemonEvolution", "04.PokemonEvolution\04.PokemonEvolution.csproj", "{07F2784C-4346-4AC9-A6E4-EC5FB6DB733F}"
EndProject
Global
	GlobalSection(SolutionConfigurationPlatforms) = preSolution
		Debug|Any CPU = Debug|Any CPU
		Release|Any CPU = Release|Any CPU
	EndGlobalSection
	GlobalSection(ProjectConfigurationPlatforms) = postSolution
		{6512A9C9-6E5F-4180-9227-8BF1F652525A}.Debug|Any CPU.ActiveCfg = Debug|Any CPU
		{6512A9C9-6E5F-4180-9227-8BF1F652525A}.Debug|Any CPU.Build.0 = Debug|Any CPU
		{6512A9C9-6E5F-4180-9227-8BF1F652525A}.Release|Any CPU.ActiveCfg = Release|Any CPU
		{6512A9C9-6E5F-4180-9227-8BF1F652525A}.Release|Any CPU.Build.0 = Release|Any CPU
		{1D4816F5-5F94-4270-BE29-13860225837A}.Debug|Any CPU.ActiveCfg = Debug|Any CPU
		{1D4816F5-5F94-4270-BE29-13860225837A}.Debug|Any CPU.Build.0 = Debug|Any CPU
		{1D4816F5-5F94-4270-BE29-13860225837A}.Release|Any CPU.ActiveCfg = Release|Any CPU
		{1D4816F5-5F94-4270-BE29-13860225837A}.Release|Any CPU.Build.0 = Release|Any CPU
		{C94C1303-82E1-4A13-8FDC-5D4F96656091}.Debug|Any CPU.ActiveCfg = Debug|Any CPU
		{C94C1303-82E1-4A13-8FDC-5D4F96656091}.Debug|Any CPU.Build.0 = Debug|Any CPU
		{C94C1303-82E1-4A13-8FDC-5D4F96656091}.Release|Any CPU.ActiveCfg = Release|Any CPU
		{C94C1303-82E1-4A13-8FDC-5D4F96656091}.Release|Any CPU.Build.0 = Release|Any CPU
		{92C2188D-3923-4491-91B1-D558AC5968D0}.Debug|Any CPU.ActiveCfg = Debug|Any CPU
		{92C2188D-3923-4491-91B1-D558AC5968D0}.Debug|Any CPU.Build.0 = Debug|Any CPU
		{92C2188D-3923-4491-91B1-D558AC5968D0}.Release|Any CPU.ActiveCfg = Release|Any CPU
		{92C2188D-3923-4491-91B1-D558AC5968D0}.Release|Any CPU.Build.0 = Release|Any CPU
		{160DC5A7-0BF3-4DC3-9D1C-97710A3D567B}.Debug|Any CPU.ActiveCfg = Debug|Any CPU
		{160DC5A7-0BF3-4DC3-9D1C-97710A3D567B}.Debug|Any CPU.Build.0 = Debug|Any CPU
		{160DC5A7-0BF3-4DC3-9D1C-97710A3D567B}.Release|Any CPU.ActiveCfg = Release|Any CPU
		{160DC5A7-0BF3-4DC3-9D1C-97710A3D567B}.Release|Any CPU.Build.0 = Release|Any CPU
		{300A80C0-7901-4616-A585-7E9A40348DCF}.Debug|Any CPU.ActiveCfg = Debug|Any CPU
		{300A80C0-7901-4616-A585-7E9A40348DCF}.Debug|Any CPU.Build.0 = Debug|Any CPU
		{300A80C0-7901-4616-A585-7E9A40348DCF}.Release|Any CPU.ActiveCfg = Release|Any CPU
		{300A80C0-7901-4616-A585-7E9A40348DCF}.Release|Any CPU.Build.0 = Release|Any CPU
		{8D599AFF-3AAF-4F4F-AFF5-84BDF2C1BC9F}.Debug|Any CPU.ActiveCfg = Debug|Any CPU
		{8D599AFF-3AAF-4F4F-AFF5-84BDF2C1BC9F}.Debug|Any CPU.Build.0 = Debug|Any CPU
		{8D599AFF-3AAF-4F4F-AFF5-84BDF2C1BC9F}.Release|Any CPU.ActiveCfg = Release|Any CPU
		{8D599AFF-3AAF-4F4F-AFF5-84BDF2C1BC9F}.Release|Any CPU.Build.0 = Release|Any CPU
		{07F2784C-4346-4AC9-A6E4-EC5FB6DB733F}.Debug|Any CPU.ActiveCfg = Debug|Any CPU
		{07F2784C-4346-4AC9-A6E4-EC5FB6DB733F}.Debug|Any CPU.Build.0 = Debug|Any CPU
		{07F2784C-4346-4AC9-A6E4-EC5FB6DB733F}.Release|Any CPU.ActiveCfg = Release|Any CPU
		{07F2784C-4346-4AC9-A6E4-EC5FB6DB733F}.Release|Any CPU.Build.0 = Release|Any CPU
	EndGlobalSection
	GlobalSection(SolutionProperties) = preSolution
		HideSolutionNode = FALSE
	EndGlobalSection
EndGlobal
