
Microsoft Visual Studio Solution File, Format Version 12.00
# Visual Studio 15
VisualStudioVersion = 15.0.27004.2002
MinimumVisualStudioVersion = 10.0.40219.1
Project("{FAE04EC0-301F-11D3-BF4B-00C04F79EFBC}") = "CSharp-Blog", "CSharp-Blog\CSharp-Blog.csproj", "{38D29C03-CD7B-41A3-82CE-59266E241F21}"
EndProject
Global
	GlobalSection(SolutionConfigurationPlatforms) = preSolution
		Debug|Any CPU = Debug|Any CPU
		Release|Any CPU = Release|Any CPU
	EndGlobalSection
	GlobalSection(ProjectConfigurationPlatforms) = postSolution
		{38D29C03-CD7B-41A3-82CE-59266E241F21}.Debug|Any CPU.ActiveCfg = Debug|Any CPU
		{38D29C03-CD7B-41A3-82CE-59266E241F21}.Debug|Any CPU.Build.0 = Debug|Any CPU
		{38D29C03-CD7B-41A3-82CE-59266E241F21}.Release|Any CPU.ActiveCfg = Release|Any CPU
		{38D29C03-CD7B-41A3-82CE-59266E241F21}.Release|Any CPU.Build.0 = Release|Any CPU
	EndGlobalSection
	GlobalSection(SolutionProperties) = preSolution
		HideSolutionNode = FALSE
	EndGlobalSection
	GlobalSection(ExtensibilityGlobals) = postSolution
		SolutionGuid = {655E2631-ED91-4AFD-9905-6EE43B2D79E1}
	EndGlobalSection
EndGlobal
