
Microsoft Visual Studio Solution File, Format Version 12.00
# Visual Studio 15
VisualStudioVersion = 15.0.26430.14
MinimumVisualStudioVersion = 10.0.40219.1
Project("{FAE04EC0-301F-11D3-BF4B-00C04F79EFBC}") = "01.SinoTheWalker", "01.SinoTheWalker\01.SinoTheWalker.csproj", "{78C43D7C-84E5-41C2-8579-12B894949BCA}"
EndProject
Project("{FAE04EC0-301F-11D3-BF4B-00C04F79EFBC}") = "Test", "Test\Test.csproj", "{F08ED207-EE2F-439B-97C5-E3373A86065A}"
EndProject
Project("{FAE04EC0-301F-11D3-BF4B-00C04F79EFBC}") = "02.SoftUniKaraoke", "02.SoftUniKaraoke\02.SoftUniKaraoke.csproj", "{F2CE0F6D-705D-42DB-A52F-5931B66B526B}"
EndProject
Project("{FAE04EC0-301F-11D3-BF4B-00C04F79EFBC}") = "03.EnduranceRally", "03.EnduranceRally\03.EnduranceRally.csproj", "{E531C3C3-F3C9-4E5E-9FBD-7833606CBED7}"
EndProject
Project("{FAE04EC0-301F-11D3-BF4B-00C04F79EFBC}") = "04.WinningTicket", "04.WinningTicket\04.WinningTicket.csproj", "{0FC3C026-F279-4172-B10A-C5E08D7F2412}"
EndProject
Global
	GlobalSection(SolutionConfigurationPlatforms) = preSolution
		Debug|Any CPU = Debug|Any CPU
		Release|Any CPU = Release|Any CPU
	EndGlobalSection
	GlobalSection(ProjectConfigurationPlatforms) = postSolution
		{78C43D7C-84E5-41C2-8579-12B894949BCA}.Debug|Any CPU.ActiveCfg = Debug|Any CPU
		{78C43D7C-84E5-41C2-8579-12B894949BCA}.Debug|Any CPU.Build.0 = Debug|Any CPU
		{78C43D7C-84E5-41C2-8579-12B894949BCA}.Release|Any CPU.ActiveCfg = Release|Any CPU
		{78C43D7C-84E5-41C2-8579-12B894949BCA}.Release|Any CPU.Build.0 = Release|Any CPU
		{F08ED207-EE2F-439B-97C5-E3373A86065A}.Debug|Any CPU.ActiveCfg = Debug|Any CPU
		{F08ED207-EE2F-439B-97C5-E3373A86065A}.Debug|Any CPU.Build.0 = Debug|Any CPU
		{F08ED207-EE2F-439B-97C5-E3373A86065A}.Release|Any CPU.ActiveCfg = Release|Any CPU
		{F08ED207-EE2F-439B-97C5-E3373A86065A}.Release|Any CPU.Build.0 = Release|Any CPU
		{F2CE0F6D-705D-42DB-A52F-5931B66B526B}.Debug|Any CPU.ActiveCfg = Debug|Any CPU
		{F2CE0F6D-705D-42DB-A52F-5931B66B526B}.Debug|Any CPU.Build.0 = Debug|Any CPU
		{F2CE0F6D-705D-42DB-A52F-5931B66B526B}.Release|Any CPU.ActiveCfg = Release|Any CPU
		{F2CE0F6D-705D-42DB-A52F-5931B66B526B}.Release|Any CPU.Build.0 = Release|Any CPU
		{E531C3C3-F3C9-4E5E-9FBD-7833606CBED7}.Debug|Any CPU.ActiveCfg = Debug|Any CPU
		{E531C3C3-F3C9-4E5E-9FBD-7833606CBED7}.Debug|Any CPU.Build.0 = Debug|Any CPU
		{E531C3C3-F3C9-4E5E-9FBD-7833606CBED7}.Release|Any CPU.ActiveCfg = Release|Any CPU
		{E531C3C3-F3C9-4E5E-9FBD-7833606CBED7}.Release|Any CPU.Build.0 = Release|Any CPU
		{0FC3C026-F279-4172-B10A-C5E08D7F2412}.Debug|Any CPU.ActiveCfg = Debug|Any CPU
		{0FC3C026-F279-4172-B10A-C5E08D7F2412}.Debug|Any CPU.Build.0 = Debug|Any CPU
		{0FC3C026-F279-4172-B10A-C5E08D7F2412}.Release|Any CPU.ActiveCfg = Release|Any CPU
		{0FC3C026-F279-4172-B10A-C5E08D7F2412}.Release|Any CPU.Build.0 = Release|Any CPU
	EndGlobalSection
	GlobalSection(SolutionProperties) = preSolution
		HideSolutionNode = FALSE
	EndGlobalSection
EndGlobal
